
Microsoft Visual Studio Solution File, Format Version 12.00
# Visual Studio Version 17
VisualStudioVersion = 17.14.36221.1
MinimumVisualStudioVersion = 10.0.40219.1
Project("{8BC9CEB8-8B4A-11D0-8D11-00A0C91BC942}") = "YuB-X-Module", "YuB-X-Module\YuB-X-Module.vcxproj", "{144F4A4D-FFE7-4400-B844-485126A6AD2E}"
EndProject
Project("{FAE04EC0-301F-11D3-BF4B-00C04F79EFBC}") = "YuB-X-Interface", "YuB-X-Interface\YuB-X-Interface.csproj", "{1A1108A0-4A49-4272-AE72-F1BF60E56757}"
EndProject
Global
	GlobalSection(SolutionConfigurationPlatforms) = preSolution
		Debug|Any CPU = Debug|Any CPU
		Debug|x64 = Debug|x64
		Debug|x86 = Debug|x86
		Release|Any CPU = Release|Any CPU
		Release|x64 = Release|x64
		Release|x86 = Release|x86
	EndGlobalSection
	GlobalSection(ProjectConfigurationPlatforms) = postSolution
		{144F4A4D-FFE7-4400-B844-485126A6AD2E}.Debug|Any CPU.ActiveCfg = Debug|x64
		{144F4A4D-FFE7-4400-B844-485126A6AD2E}.Debug|Any CPU.Build.0 = Debug|x64
		{144F4A4D-FFE7-4400-B844-485126A6AD2E}.Debug|x64.ActiveCfg = Debug|x64
		{144F4A4D-FFE7-4400-B844-485126A6AD2E}.Debug|x64.Build.0 = Debug|x64
		{144F4A4D-FFE7-4400-B844-485126A6AD2E}.Debug|x86.ActiveCfg = Debug|Win32
		{144F4A4D-FFE7-4400-B844-485126A6AD2E}.Debug|x86.Build.0 = Debug|Win32
		{144F4A4D-FFE7-4400-B844-485126A6AD2E}.Release|Any CPU.ActiveCfg = Release|x64
		{144F4A4D-FFE7-4400-B844-485126A6AD2E}.Release|Any CPU.Build.0 = Release|x64
		{144F4A4D-FFE7-4400-B844-485126A6AD2E}.Release|x64.ActiveCfg = Release|x64
		{144F4A4D-FFE7-4400-B844-485126A6AD2E}.Release|x64.Build.0 = Release|x64
		{144F4A4D-FFE7-4400-B844-485126A6AD2E}.Release|x86.ActiveCfg = Release|Win32
		{144F4A4D-FFE7-4400-B844-485126A6AD2E}.Release|x86.Build.0 = Release|Win32
		{1A1108A0-4A49-4272-AE72-F1BF60E56757}.Debug|Any CPU.ActiveCfg = Debug|Any CPU
		{1A1108A0-4A49-4272-AE72-F1BF60E56757}.Debug|Any CPU.Build.0 = Debug|Any CPU
		{1A1108A0-4A49-4272-AE72-F1BF60E56757}.Debug|x64.ActiveCfg = Debug|Any CPU
		{1A1108A0-4A49-4272-AE72-F1BF60E56757}.Debug|x64.Build.0 = Debug|Any CPU
		{1A1108A0-4A49-4272-AE72-F1BF60E56757}.Debug|x86.ActiveCfg = Debug|Any CPU
		{1A1108A0-4A49-4272-AE72-F1BF60E56757}.Debug|x86.Build.0 = Debug|Any CPU
		{1A1108A0-4A49-4272-AE72-F1BF60E56757}.Release|Any CPU.ActiveCfg = Release|Any CPU
		{1A1108A0-4A49-4272-AE72-F1BF60E56757}.Release|Any CPU.Build.0 = Release|Any CPU
		{1A1108A0-4A49-4272-AE72-F1BF60E56757}.Release|x64.ActiveCfg = Release|Any CPU
		{1A1108A0-4A49-4272-AE72-F1BF60E56757}.Release|x64.Build.0 = Release|Any CPU
		{1A1108A0-4A49-4272-AE72-F1BF60E56757}.Release|x86.ActiveCfg = Release|Any CPU
		{1A1108A0-4A49-4272-AE72-F1BF60E56757}.Release|x86.Build.0 = Release|Any CPU
	EndGlobalSection
	GlobalSection(SolutionProperties) = preSolution
		HideSolutionNode = FALSE
	EndGlobalSection
	GlobalSection(ExtensibilityGlobals) = postSolution
		SolutionGuid = {EF892B22-818F-42AA-8365-07CF209AE0E9}
	EndGlobalSection
EndGlobal
