<?xml version="1.0" encoding="utf-8"?>
<Project ToolsVersion="4.0" xmlns="http://schemas.microsoft.com/developer/msbuild/2003">
  <ItemGroup>
    <Filter Include="Quelldateien">
      <UniqueIdentifier>{4FC737F1-C7A5-4376-A066-2A32D752A2FF}</UniqueIdentifier>
      <Extensions>cpp;c;cc;cxx;c++;cppm;ixx;def;odl;idl;hpj;bat;asm;asmx</Extensions>
    </Filter>
    <Filter Include="Headerdateien">
      <UniqueIdentifier>{93995380-89BD-4b04-88EB-625FBE52EBFB}</UniqueIdentifier>
      <Extensions>h;hh;hpp;hxx;h++;hm;inl;inc;ipp;xsd</Extensions>
    </Filter>
    <Filter Include="Ressourcendateien">
      <UniqueIdentifier>{67DA6AB6-F800-4c08-8B7A-83BB121AAD01}</UniqueIdentifier>
      <Extensions>rc;ico;cur;bmp;dlg;rc2;rct;bin;rgs;gif;jpg;jpeg;jpe;resx;tiff;tif;png;wav;mfcribbon-ms</Extensions>
    </Filter>
  </ItemGroup>
  <ItemGroup>
    <ClCompile Include="dllmain.cpp">
      <Filter>Quelldateien</Filter>
    </ClCompile>
    <ClCompile Include="Dependencies\Luau\Ast\src\Allocator.cpp">
      <Filter>Quelldateien</Filter>
    </ClCompile>
    <ClCompile Include="Dependencies\Luau\Ast\src\Ast.cpp">
      <Filter>Quelldateien</Filter>
    </ClCompile>
    <ClCompile Include="Dependencies\Luau\Ast\src\Confusables.cpp">
      <Filter>Quelldateien</Filter>
    </ClCompile>
    <ClCompile Include="Dependencies\Luau\Ast\src\Cst.cpp">
      <Filter>Quelldateien</Filter>
    </ClCompile>
    <ClCompile Include="Dependencies\Luau\Ast\src\Lexer.cpp">
      <Filter>Quelldateien</Filter>
    </ClCompile>
    <ClCompile Include="Dependencies\Luau\Ast\src\Location.cpp">
      <Filter>Quelldateien</Filter>
    </ClCompile>
    <ClCompile Include="Dependencies\Luau\Ast\src\Parser.cpp">
      <Filter>Quelldateien</Filter>
    </ClCompile>
    <ClCompile Include="Dependencies\Luau\Ast\src\StringUtils.cpp">
      <Filter>Quelldateien</Filter>
    </ClCompile>
    <ClCompile Include="Dependencies\Luau\Ast\src\TimeTrace.cpp">
      <Filter>Quelldateien</Filter>
    </ClCompile>
    <ClCompile Include="Dependencies\Luau\Compiler\src\BuiltinFolding.cpp">
      <Filter>Quelldateien</Filter>
    </ClCompile>
    <ClCompile Include="Dependencies\Luau\Compiler\src\Builtins.cpp">
      <Filter>Quelldateien</Filter>
    </ClCompile>
    <ClCompile Include="Dependencies\Luau\Compiler\src\BytecodeBuilder.cpp">
      <Filter>Quelldateien</Filter>
    </ClCompile>
    <ClCompile Include="Dependencies\Luau\Compiler\src\Compiler.cpp">
      <Filter>Quelldateien</Filter>
    </ClCompile>
    <ClCompile Include="Dependencies\Luau\Compiler\src\ConstantFolding.cpp">
      <Filter>Quelldateien</Filter>
    </ClCompile>
    <ClCompile Include="Dependencies\Luau\Compiler\src\CostModel.cpp">
      <Filter>Quelldateien</Filter>
    </ClCompile>
    <ClCompile Include="Dependencies\Luau\Compiler\src\lcode.cpp">
      <Filter>Quelldateien</Filter>
    </ClCompile>
    <ClCompile Include="Dependencies\Luau\Compiler\src\TableShape.cpp">
      <Filter>Quelldateien</Filter>
    </ClCompile>
    <ClCompile Include="Dependencies\Luau\Compiler\src\Types.cpp">
      <Filter>Quelldateien</Filter>
    </ClCompile>
    <ClCompile Include="Dependencies\Luau\Compiler\src\ValueTracking.cpp">
      <Filter>Quelldateien</Filter>
    </ClCompile>
    <ClCompile Include="Dependencies\Luau\VM\src\lapi.cpp">
      <Filter>Quelldateien</Filter>
    </ClCompile>
    <ClCompile Include="Dependencies\Luau\VM\src\laux.cpp">
      <Filter>Quelldateien</Filter>
    </ClCompile>
    <ClCompile Include="Dependencies\Luau\VM\src\lbaselib.cpp">
      <Filter>Quelldateien</Filter>
    </ClCompile>
    <ClCompile Include="Dependencies\Luau\VM\src\lbitlib.cpp">
      <Filter>Quelldateien</Filter>
    </ClCompile>
    <ClCompile Include="Dependencies\Luau\VM\src\lbuffer.cpp">
      <Filter>Quelldateien</Filter>
    </ClCompile>
    <ClCompile Include="Dependencies\Luau\VM\src\lbuflib.cpp">
      <Filter>Quelldateien</Filter>
    </ClCompile>
    <ClCompile Include="Dependencies\Luau\VM\src\lbuiltins.cpp">
      <Filter>Quelldateien</Filter>
    </ClCompile>
    <ClCompile Include="Dependencies\Luau\VM\src\lcorolib.cpp">
      <Filter>Quelldateien</Filter>
    </ClCompile>
    <ClCompile Include="Dependencies\Luau\VM\src\ldblib.cpp">
      <Filter>Quelldateien</Filter>
    </ClCompile>
    <ClCompile Include="Dependencies\Luau\VM\src\ldebug.cpp">
      <Filter>Quelldateien</Filter>
    </ClCompile>
    <ClCompile Include="Dependencies\Luau\VM\src\ldo.cpp">
      <Filter>Quelldateien</Filter>
    </ClCompile>
    <ClCompile Include="Dependencies\Luau\VM\src\lfunc.cpp">
      <Filter>Quelldateien</Filter>
    </ClCompile>
    <ClCompile Include="Dependencies\Luau\VM\src\lgc.cpp">
      <Filter>Quelldateien</Filter>
    </ClCompile>
    <ClCompile Include="Dependencies\Luau\VM\src\lgcdebug.cpp">
      <Filter>Quelldateien</Filter>
    </ClCompile>
    <ClCompile Include="Dependencies\Luau\VM\src\linit.cpp">
      <Filter>Quelldateien</Filter>
    </ClCompile>
    <ClCompile Include="Dependencies\Luau\VM\src\lmathlib.cpp">
      <Filter>Quelldateien</Filter>
    </ClCompile>
    <ClCompile Include="Dependencies\Luau\VM\src\lmem.cpp">
      <Filter>Quelldateien</Filter>
    </ClCompile>
    <ClCompile Include="Dependencies\Luau\VM\src\lnumprint.cpp">
      <Filter>Quelldateien</Filter>
    </ClCompile>
    <ClCompile Include="Dependencies\Luau\VM\src\lobject.cpp">
      <Filter>Quelldateien</Filter>
    </ClCompile>
    <ClCompile Include="Dependencies\Luau\VM\src\loslib.cpp">
      <Filter>Quelldateien</Filter>
    </ClCompile>
    <ClCompile Include="Dependencies\Luau\VM\src\lperf.cpp">
      <Filter>Quelldateien</Filter>
    </ClCompile>
    <ClCompile Include="Dependencies\Luau\VM\src\lstate.cpp">
      <Filter>Quelldateien</Filter>
    </ClCompile>
    <ClCompile Include="Dependencies\Luau\VM\src\lstring.cpp">
      <Filter>Quelldateien</Filter>
    </ClCompile>
    <ClCompile Include="Dependencies\Luau\VM\src\lstrlib.cpp">
      <Filter>Quelldateien</Filter>
    </ClCompile>
    <ClCompile Include="Dependencies\Luau\VM\src\ltable.cpp">
      <Filter>Quelldateien</Filter>
    </ClCompile>
    <ClCompile Include="Dependencies\Luau\VM\src\ltablib.cpp">
      <Filter>Quelldateien</Filter>
    </ClCompile>
    <ClCompile Include="Dependencies\Luau\VM\src\ltm.cpp">
      <Filter>Quelldateien</Filter>
    </ClCompile>
    <ClCompile Include="Dependencies\Luau\VM\src\ludata.cpp">
      <Filter>Quelldateien</Filter>
    </ClCompile>
    <ClCompile Include="Dependencies\Luau\VM\src\lutf8lib.cpp">
      <Filter>Quelldateien</Filter>
    </ClCompile>
    <ClCompile Include="Dependencies\Luau\VM\src\lveclib.cpp">
      <Filter>Quelldateien</Filter>
    </ClCompile>
    <ClCompile Include="Dependencies\Luau\VM\src\lvmexecute.cpp">
      <Filter>Quelldateien</Filter>
    </ClCompile>
    <ClCompile Include="Dependencies\Luau\VM\src\lvmload.cpp">
      <Filter>Quelldateien</Filter>
    </ClCompile>
    <ClCompile Include="Dependencies\Luau\VM\src\lvmutils.cpp">
      <Filter>Quelldateien</Filter>
    </ClCompile>
    <ClCompile Include="Communication\Communication.cpp">
      <Filter>Quelldateien</Filter>
    </ClCompile>
    <ClCompile Include="Exploit\TaskScheduler\TaskScheduler.cpp">
      <Filter>Quelldateien</Filter>
    </ClCompile>
    <ClCompile Include="Exploit\Execution\Execution.cpp">
      <Filter>Quelldateien</Filter>
    </ClCompile>
    <ClCompile Include="Exploit\Environment\Environment.cpp">
      <Filter>Quelldateien</Filter>
    </ClCompile>
    <ClCompile Include="Exploit\Environment\Yielding\Yielding.cpp">
      <Filter>Quelldateien</Filter>
    </ClCompile>
    <ClCompile Include="Dependencies\cpr\src\cookies.cpp">
      <Filter>Quelldateien</Filter>
    </ClCompile>
    <ClCompile Include="Dependencies\cpr\src\auth.cpp">
      <Filter>Quelldateien</Filter>
    </ClCompile>
    <ClCompile Include="Dependencies\cpr\src\cprtypes.cpp">
      <Filter>Quelldateien</Filter>
    </ClCompile>
    <ClCompile Include="Dependencies\cpr\src\digest.cpp">
      <Filter>Quelldateien</Filter>
    </ClCompile>
    <ClCompile Include="Dependencies\cpr\src\error.cpp">
      <Filter>Quelldateien</Filter>
    </ClCompile>
    <ClCompile Include="Dependencies\cpr\src\multipart.cpp">
      <Filter>Quelldateien</Filter>
    </ClCompile>
    <ClCompile Include="Dependencies\cpr\src\parameters.cpp">
      <Filter>Quelldateien</Filter>
    </ClCompile>
    <ClCompile Include="Dependencies\cpr\src\payload.cpp">
      <Filter>Quelldateien</Filter>
    </ClCompile>
    <ClCompile Include="Dependencies\cpr\src\proxies.cpp">
      <Filter>Quelldateien</Filter>
    </ClCompile>
    <ClCompile Include="Dependencies\cpr\src\session.cpp">
      <Filter>Quelldateien</Filter>
    </ClCompile>
    <ClCompile Include="Dependencies\cpr\src\ssl_options.cpp">
      <Filter>Quelldateien</Filter>
    </ClCompile>
    <ClCompile Include="Dependencies\cpr\src\timeout.cpp">
      <Filter>Quelldateien</Filter>
    </ClCompile>
    <ClCompile Include="Dependencies\cpr\src\util.cpp">
      <Filter>Quelldateien</Filter>
    </ClCompile>
  </ItemGroup>
  <ItemGroup>
    <ClInclude Include="Dependencies\Luau\VM\src\lapi.h">
      <Filter>Headerdateien</Filter>
    </ClInclude>
    <ClInclude Include="Dependencies\Luau\Ast\include\Luau\Allocator.h">
      <Filter>Headerdateien</Filter>
    </ClInclude>
    <ClInclude Include="Dependencies\Luau\Ast\include\Luau\Ast.h">
      <Filter>Headerdateien</Filter>
    </ClInclude>
    <ClInclude Include="Dependencies\Luau\Ast\include\Luau\Confusables.h">
      <Filter>Headerdateien</Filter>
    </ClInclude>
    <ClInclude Include="Dependencies\Luau\Ast\include\Luau\Cst.h">
      <Filter>Headerdateien</Filter>
    </ClInclude>
    <ClInclude Include="Dependencies\Luau\Ast\include\Luau\Lexer.h">
      <Filter>Headerdateien</Filter>
    </ClInclude>
    <ClInclude Include="Dependencies\Luau\Ast\include\Luau\Location.h">
      <Filter>Headerdateien</Filter>
    </ClInclude>
    <ClInclude Include="Dependencies\Luau\Ast\include\Luau\ParseOptions.h">
      <Filter>Headerdateien</Filter>
    </ClInclude>
    <ClInclude Include="Dependencies\Luau\Ast\include\Luau\Parser.h">
      <Filter>Headerdateien</Filter>
    </ClInclude>
    <ClInclude Include="Dependencies\Luau\Ast\include\Luau\ParseResult.h">
      <Filter>Headerdateien</Filter>
    </ClInclude>
    <ClInclude Include="Dependencies\Luau\Ast\include\Luau\StringUtils.h">
      <Filter>Headerdateien</Filter>
    </ClInclude>
    <ClInclude Include="Dependencies\Luau\Ast\include\Luau\TimeTrace.h">
      <Filter>Headerdateien</Filter>
    </ClInclude>
    <ClInclude Include="Dependencies\Luau\Common\include\Luau\Bytecode.h">
      <Filter>Headerdateien</Filter>
    </ClInclude>
    <ClInclude Include="Dependencies\Luau\Common\include\Luau\BytecodeUtils.h">
      <Filter>Headerdateien</Filter>
    </ClInclude>
    <ClInclude Include="Dependencies\Luau\Common\include\Luau\Common.h">
      <Filter>Headerdateien</Filter>
    </ClInclude>
    <ClInclude Include="Dependencies\Luau\Common\include\Luau\DenseHash.h">
      <Filter>Headerdateien</Filter>
    </ClInclude>
    <ClInclude Include="Dependencies\Luau\Common\include\Luau\ExperimentalFlags.h">
      <Filter>Headerdateien</Filter>
    </ClInclude>
    <ClInclude Include="Dependencies\Luau\Common\include\Luau\Variant.h">
      <Filter>Headerdateien</Filter>
    </ClInclude>
    <ClInclude Include="Dependencies\Luau\Common\include\Luau\VecDeque.h">
      <Filter>Headerdateien</Filter>
    </ClInclude>
    <ClInclude Include="Dependencies\Luau\Compiler\include\Luau\BytecodeBuilder.h">
      <Filter>Headerdateien</Filter>
    </ClInclude>
    <ClInclude Include="Dependencies\Luau\Compiler\include\Luau\Compiler.h">
      <Filter>Headerdateien</Filter>
    </ClInclude>
    <ClInclude Include="Dependencies\Luau\Compiler\include\luacode.h">
      <Filter>Headerdateien</Filter>
    </ClInclude>
    <ClInclude Include="Dependencies\Luau\Compiler\src\BuiltinFolding.h">
      <Filter>Headerdateien</Filter>
    </ClInclude>
    <ClInclude Include="Dependencies\Luau\Compiler\src\Builtins.h">
      <Filter>Headerdateien</Filter>
    </ClInclude>
    <ClInclude Include="Dependencies\Luau\Compiler\src\ConstantFolding.h">
      <Filter>Headerdateien</Filter>
    </ClInclude>
    <ClInclude Include="Dependencies\Luau\Compiler\src\CostModel.h">
      <Filter>Headerdateien</Filter>
    </ClInclude>
    <ClInclude Include="Dependencies\Luau\Compiler\src\TableShape.h">
      <Filter>Headerdateien</Filter>
    </ClInclude>
    <ClInclude Include="Dependencies\Luau\Compiler\src\Types.h">
      <Filter>Headerdateien</Filter>
    </ClInclude>
    <ClInclude Include="Dependencies\Luau\Compiler\src\ValueTracking.h">
      <Filter>Headerdateien</Filter>
    </ClInclude>
    <ClInclude Include="Dependencies\Luau\VM\include\lua.h">
      <Filter>Headerdateien</Filter>
    </ClInclude>
    <ClInclude Include="Dependencies\Luau\VM\include\luaconf.h">
      <Filter>Headerdateien</Filter>
    </ClInclude>
    <ClInclude Include="Dependencies\Luau\VM\include\lualib.h">
      <Filter>Headerdateien</Filter>
    </ClInclude>
    <ClInclude Include="Dependencies\Luau\VM\src\lbuffer.h">
      <Filter>Headerdateien</Filter>
    </ClInclude>
    <ClInclude Include="Dependencies\Luau\VM\src\lbuiltins.h">
      <Filter>Headerdateien</Filter>
    </ClInclude>
    <ClInclude Include="Dependencies\Luau\VM\src\lbytecode.h">
      <Filter>Headerdateien</Filter>
    </ClInclude>
    <ClInclude Include="Dependencies\Luau\VM\src\lcommon.h">
      <Filter>Headerdateien</Filter>
    </ClInclude>
    <ClInclude Include="Dependencies\Luau\VM\src\ldebug.h">
      <Filter>Headerdateien</Filter>
    </ClInclude>
    <ClInclude Include="Dependencies\Luau\VM\src\ldo.h">
      <Filter>Headerdateien</Filter>
    </ClInclude>
    <ClInclude Include="Dependencies\Luau\VM\src\lfunc.h">
      <Filter>Headerdateien</Filter>
    </ClInclude>
    <ClInclude Include="Dependencies\Luau\VM\src\lgc.h">
      <Filter>Headerdateien</Filter>
    </ClInclude>
    <ClInclude Include="Dependencies\Luau\VM\src\lmem.h">
      <Filter>Headerdateien</Filter>
    </ClInclude>
    <ClInclude Include="Dependencies\Luau\VM\src\lnumutils.h">
      <Filter>Headerdateien</Filter>
    </ClInclude>
    <ClInclude Include="Dependencies\Luau\VM\src\lobject.h">
      <Filter>Headerdateien</Filter>
    </ClInclude>
    <ClInclude Include="Dependencies\Luau\VM\src\lstate.h">
      <Filter>Headerdateien</Filter>
    </ClInclude>
    <ClInclude Include="Dependencies\Luau\VM\src\lstring.h">
      <Filter>Headerdateien</Filter>
    </ClInclude>
    <ClInclude Include="Dependencies\Luau\VM\src\ltable.h">
      <Filter>Headerdateien</Filter>
    </ClInclude>
    <ClInclude Include="Dependencies\Luau\VM\src\ltm.h">
      <Filter>Headerdateien</Filter>
    </ClInclude>
    <ClInclude Include="Dependencies\Luau\VM\src\ludata.h">
      <Filter>Headerdateien</Filter>
    </ClInclude>
    <ClInclude Include="Dependencies\Luau\VM\src\lvm.h">
      <Filter>Headerdateien</Filter>
    </ClInclude>
    <ClInclude Include="Roblox\Encryptions.hpp">
      <Filter>Headerdateien</Filter>
    </ClInclude>
    <ClInclude Include="Roblox\Offsets.hpp">
      <Filter>Headerdateien</Filter>
    </ClInclude>
    <ClInclude Include="Roblox\EncryptionsHelper.hpp">
      <Filter>Headerdateien</Filter>
    </ClInclude>
    <ClInclude Include="Communication\Communication.hpp">
      <Filter>Headerdateien</Filter>
    </ClInclude>
    <ClInclude Include="Exploit\TaskScheduler\TaskScheduler.hpp">
      <Filter>Headerdateien</Filter>
    </ClInclude>
    <ClInclude Include="Exploit\Globals.hpp">
      <Filter>Headerdateien</Filter>
    </ClInclude>
    <ClInclude Include="Exploit\Execution\Execution.hpp">
      <Filter>Headerdateien</Filter>
    </ClInclude>
    <ClInclude Include="Exploit\Utils.hpp">
      <Filter>Headerdateien</Filter>
    </ClInclude>
    <ClInclude Include="Exploit\Environment\Environment.hpp">
      <Filter>Headerdateien</Filter>
    </ClInclude>
    <ClInclude Include="Exploit\Environment\Librarys\Miscellaneous.hpp">
      <Filter>Headerdateien</Filter>
    </ClInclude>
    <ClInclude Include="Exploit\Environment\Librarys\Http.hpp">
      <Filter>Headerdateien</Filter>
    </ClInclude>
    <ClInclude Include="Exploit\Environment\Yielding\Yielding.hpp">
      <Filter>Headerdateien</Filter>
    </ClInclude>
    <ClInclude Include="Dependencies\cpr\include\cpr\api.h">
      <Filter>Headerdateien</Filter>
    </ClInclude>
    <ClInclude Include="Dependencies\cpr\include\cpr\auth.h">
      <Filter>Headerdateien</Filter>
    </ClInclude>
    <ClInclude Include="Dependencies\cpr\include\cpr\body.h">
      <Filter>Headerdateien</Filter>
    </ClInclude>
    <ClInclude Include="Dependencies\cpr\include\cpr\cookies.h">
      <Filter>Headerdateien</Filter>
    </ClInclude>
    <ClInclude Include="Dependencies\cpr\include\cpr\cpr.h">
      <Filter>Headerdateien</Filter>
    </ClInclude>
    <ClInclude Include="Dependencies\cpr\include\cpr\cprtypes.h">
      <Filter>Headerdateien</Filter>
    </ClInclude>
    <ClInclude Include="Dependencies\cpr\include\cpr\curlholder.h">
      <Filter>Headerdateien</Filter>
    </ClInclude>
    <ClInclude Include="Dependencies\cpr\include\cpr\defines.h">
      <Filter>Headerdateien</Filter>
    </ClInclude>
    <ClInclude Include="Dependencies\cpr\include\cpr\digest.h">
      <Filter>Headerdateien</Filter>
    </ClInclude>
    <ClInclude Include="Dependencies\cpr\include\cpr\error.h">
      <Filter>Headerdateien</Filter>
    </ClInclude>
    <ClInclude Include="Dependencies\cpr\include\cpr\HttpStatus.hpp">
      <Filter>Headerdateien</Filter>
    </ClInclude>
    <ClInclude Include="Dependencies\cpr\include\cpr\low_speed.h">
      <Filter>Headerdateien</Filter>
    </ClInclude>
    <ClInclude Include="Dependencies\cpr\include\cpr\max_redirects.h">
      <Filter>Headerdateien</Filter>
    </ClInclude>
    <ClInclude Include="Dependencies\cpr\include\cpr\multipart.h">
      <Filter>Headerdateien</Filter>
    </ClInclude>
    <ClInclude Include="Dependencies\cpr\include\cpr\parameters.h">
      <Filter>Headerdateien</Filter>
    </ClInclude>
    <ClInclude Include="Dependencies\cpr\include\cpr\payload.h">
      <Filter>Headerdateien</Filter>
    </ClInclude>
    <ClInclude Include="Dependencies\cpr\include\cpr\proxies.h">
      <Filter>Headerdateien</Filter>
    </ClInclude>
    <ClInclude Include="Dependencies\cpr\include\cpr\response.h">
      <Filter>Headerdateien</Filter>
    </ClInclude>
    <ClInclude Include="Dependencies\cpr\include\cpr\session.h">
      <Filter>Headerdateien</Filter>
    </ClInclude>
    <ClInclude Include="Dependencies\cpr\include\cpr\ssl_options.h">
      <Filter>Headerdateien</Filter>
    </ClInclude>
    <ClInclude Include="Dependencies\cpr\include\cpr\timeout.h">
      <Filter>Headerdateien</Filter>
    </ClInclude>
    <ClInclude Include="Dependencies\cpr\include\cpr\util.h">
      <Filter>Headerdateien</Filter>
    </ClInclude>
    <ClInclude Include="Dependencies\nlohmann\json_fwd.hpp">
      <Filter>Headerdateien</Filter>
    </ClInclude>
    <ClInclude Include="Dependencies\nlohmann\json.hpp">
      <Filter>Headerdateien</Filter>
    </ClInclude>
    <ClInclude Include="Dependencies\curl\include\curl\curl.h">
      <Filter>Headerdateien</Filter>
    </ClInclude>
    <ClInclude Include="Dependencies\curl\include\curl\curlver.h">
      <Filter>Headerdateien</Filter>
    </ClInclude>
    <ClInclude Include="Dependencies\curl\include\curl\easy.h">
      <Filter>Headerdateien</Filter>
    </ClInclude>
    <ClInclude Include="Dependencies\curl\include\curl\header.h">
      <Filter>Headerdateien</Filter>
    </ClInclude>
    <ClInclude Include="Dependencies\curl\include\curl\mprintf.h">
      <Filter>Headerdateien</Filter>
    </ClInclude>
    <ClInclude Include="Dependencies\curl\include\curl\multi.h">
      <Filter>Headerdateien</Filter>
    </ClInclude>
    <ClInclude Include="Dependencies\curl\include\curl\options.h">
      <Filter>Headerdateien</Filter>
    </ClInclude>
    <ClInclude Include="Dependencies\curl\include\curl\stdcheaders.h">
      <Filter>Headerdateien</Filter>
    </ClInclude>
    <ClInclude Include="Dependencies\curl\include\curl\system.h">
      <Filter>Headerdateien</Filter>
    </ClInclude>
    <ClInclude Include="Dependencies\curl\include\curl\typecheck-gcc.h">
      <Filter>Headerdateien</Filter>
    </ClInclude>
    <ClInclude Include="Dependencies\curl\include\curl\urlapi.h">
      <Filter>Headerdateien</Filter>
    </ClInclude>
    <ClInclude Include="Dependencies\curl\include\curl\websockets.h">
      <Filter>Headerdateien</Filter>
    </ClInclude>
    <ClInclude Include="Exploit\Environment\Librarys\Closures.hpp">
      <Filter>Headerdateien</Filter>
    </ClInclude>
    <ClInclude Include="Dependencies\Luau\Common\include\Luau\HashUtil.h">
      <Filter>Headerdateien</Filter>
    </ClInclude>
  </ItemGroup>
  <ItemGroup>
    <Library Include="Dependencies\cpr\lib\cpr.lib" />
    <Library Include="Dependencies\curl\lib\libcurl_release.lib" />
  </ItemGroup>
</Project>